
Microsoft Visual Studio Solution File, Format Version 12.00
# Visual Studio 2012
Project("{F184B08F-C81C-45F6-A57F-5ABD9991F28F}") = "Desvio condicional seletivo", "Desvio condicional seletivo\Desvio condicional seletivo.vbproj", "{EA9EA258-F4C4-459F-99E3-26399B025C38}"
EndProject
Global
	GlobalSection(SolutionConfigurationPlatforms) = preSolution
		Debug|Any CPU = Debug|Any CPU
		Release|Any CPU = Release|Any CPU
	EndGlobalSection
	GlobalSection(ProjectConfigurationPlatforms) = postSolution
		{EA9EA258-F4C4-459F-99E3-26399B025C38}.Debug|Any CPU.ActiveCfg = Debug|Any CPU
		{EA9EA258-F4C4-459F-99E3-26399B025C38}.Debug|Any CPU.Build.0 = Debug|Any CPU
		{EA9EA258-F4C4-459F-99E3-26399B025C38}.Release|Any CPU.ActiveCfg = Release|Any CPU
		{EA9EA258-F4C4-459F-99E3-26399B025C38}.Release|Any CPU.Build.0 = Release|Any CPU
	EndGlobalSection
	GlobalSection(SolutionProperties) = preSolution
		HideSolutionNode = FALSE
	EndGlobalSection
EndGlobal
