
Microsoft Visual Studio Solution File, Format Version 12.00
# Visual Studio 2012
Project("{F184B08F-C81C-45F6-A57F-5ABD9991F28F}") = "aula1b", "aula1b\aula1b.vbproj", "{AD7839DF-7F5D-458A-896D-461E3F7BA125}"
EndProject
Global
	GlobalSection(SolutionConfigurationPlatforms) = preSolution
		Debug|Any CPU = Debug|Any CPU
		Release|Any CPU = Release|Any CPU
	EndGlobalSection
	GlobalSection(ProjectConfigurationPlatforms) = postSolution
		{AD7839DF-7F5D-458A-896D-461E3F7BA125}.Debug|Any CPU.ActiveCfg = Debug|Any CPU
		{AD7839DF-7F5D-458A-896D-461E3F7BA125}.Debug|Any CPU.Build.0 = Debug|Any CPU
		{AD7839DF-7F5D-458A-896D-461E3F7BA125}.Release|Any CPU.ActiveCfg = Release|Any CPU
		{AD7839DF-7F5D-458A-896D-461E3F7BA125}.Release|Any CPU.Build.0 = Release|Any CPU
	EndGlobalSection
	GlobalSection(SolutionProperties) = preSolution
		HideSolutionNode = FALSE
	EndGlobalSection
EndGlobal
